
Microsoft Visual Studio Solution File, Format Version 12.00
# Visual Studio Version 16
VisualStudioVersion = 16.0.31729.503
MinimumVisualStudioVersion = 10.0.40219.1
Project("{FAE04EC0-301F-11D3-BF4B-00C04F79EFBC}") = "SachOnline", "SachOnline-LAB2\SachOnline.csproj", "{2AAB9820-8AF0-4AC7-B06D-9AB6E70EE40D}"
EndProject
Global
	GlobalSection(SolutionConfigurationPlatforms) = preSolution
		Debug|Any CPU = Debug|Any CPU
		Release|Any CPU = Release|Any CPU
	EndGlobalSection
	GlobalSection(ProjectConfigurationPlatforms) = postSolution
		{2AAB9820-8AF0-4AC7-B06D-9AB6E70EE40D}.Debug|Any CPU.ActiveCfg = Debug|Any CPU
		{2AAB9820-8AF0-4AC7-B06D-9AB6E70EE40D}.Debug|Any CPU.Build.0 = Debug|Any CPU
		{2AAB9820-8AF0-4AC7-B06D-9AB6E70EE40D}.Release|Any CPU.ActiveCfg = Release|Any CPU
		{2AAB9820-8AF0-4AC7-B06D-9AB6E70EE40D}.Release|Any CPU.Build.0 = Release|Any CPU
	EndGlobalSection
	GlobalSection(SolutionProperties) = preSolution
		HideSolutionNode = FALSE
	EndGlobalSection
	GlobalSection(ExtensibilityGlobals) = postSolution
		SolutionGuid = {59C42F8C-B05A-4D97-84B5-60452D6BBC31}
	EndGlobalSection
EndGlobal
